<?xml version="1.0" encoding="utf-8"?>
<Project ToolsVersion="4.0" xmlns="http://schemas.microsoft.com/developer/msbuild/2003">
  <ItemGroup>
    <Filter Include="소스 파일">
      <UniqueIdentifier>{4FC737F1-C7A5-4376-A066-2A32D752A2FF}</UniqueIdentifier>
      <Extensions>cpp;c;cc;cxx;c++;cppm;ixx;def;odl;idl;hpj;bat;asm;asmx</Extensions>
    </Filter>
    <Filter Include="헤더 파일">
      <UniqueIdentifier>{93995380-89BD-4b04-88EB-625FBE52EBFB}</UniqueIdentifier>
      <Extensions>h;hh;hpp;hxx;h++;hm;inl;inc;ipp;xsd</Extensions>
    </Filter>
    <Filter Include="리소스 파일">
      <UniqueIdentifier>{67DA6AB6-F800-4c08-8B7A-83BB121AAD01}</UniqueIdentifier>
      <Extensions>rc;ico;cur;bmp;dlg;rc2;rct;bin;rgs;gif;jpg;jpeg;jpe;resx;tiff;tif;png;wav;mfcribbon-ms</Extensions>
    </Filter>
    <Filter Include="소스 파일\DataStructure">
      <UniqueIdentifier>{aa11f695-44bb-4032-8519-855d6fd1d814}</UniqueIdentifier>
    </Filter>
    <Filter Include="소스 파일\DataStructure\Queue">
      <UniqueIdentifier>{9e9945a1-919b-420a-a0ea-fa4fe8929bd0}</UniqueIdentifier>
    </Filter>
    <Filter Include="소스 파일\DataStructure\Stack">
      <UniqueIdentifier>{7af1b719-d6d8-4fb9-b043-363b3bc4408c}</UniqueIdentifier>
    </Filter>
    <Filter Include="소스 파일\DataStructure\LinkedList">
      <UniqueIdentifier>{30b72c1f-1ce6-4235-a84d-4bb3b7782472}</UniqueIdentifier>
    </Filter>
    <Filter Include="소스 파일\DataStructure\Tree">
      <UniqueIdentifier>{b7afb87d-a2c9-4d0b-8eef-4585012d6946}</UniqueIdentifier>
    </Filter>
  </ItemGroup>
  <ItemGroup>
    <ClCompile Include="src\main.cpp">
      <Filter>소스 파일</Filter>
    </ClCompile>
    <ClCompile Include="include\IDataStructure.h">
      <Filter>소스 파일\DataStructure</Filter>
    </ClCompile>
    <ClCompile Include="include\Stack\Stack.h">
      <Filter>소스 파일\DataStructure\Stack</Filter>
    </ClCompile>
    <ClCompile Include="src\Stack\Stack.cpp">
      <Filter>소스 파일\DataStructure\Stack</Filter>
    </ClCompile>
    <ClCompile Include="src\Queue\Queue.cpp">
      <Filter>소스 파일\DataStructure\Queue</Filter>
    </ClCompile>
    <ClCompile Include="src\LinkedList\LinkedList.cpp">
      <Filter>소스 파일\DataStructure\LinkedList</Filter>
    </ClCompile>
    <ClCompile Include="src\HashTable\HashTable.cpp">
      <Filter>소스 파일\DataStructure\Tree</Filter>
    </ClCompile>
    <ClCompile Include="src\Tree\Heap.cpp">
      <Filter>소스 파일</Filter>
    </ClCompile>
  </ItemGroup>
  <ItemGroup>
    <ClInclude Include="include\Queue\Queue.h">
      <Filter>소스 파일\DataStructure\Queue</Filter>
    </ClInclude>
    <ClInclude Include="include\LinkedList\LinkedList.h">
      <Filter>소스 파일\DataStructure\LinkedList</Filter>
    </ClInclude>
    <ClInclude Include="include\LinkedList\Node.h">
      <Filter>소스 파일\DataStructure\LinkedList</Filter>
    </ClInclude>
    <ClInclude Include="include\HashTable\HashTable.h">
      <Filter>소스 파일\DataStructure\Tree</Filter>
    </ClInclude>
    <ClInclude Include="include\HashTable\Entry.h">
      <Filter>헤더 파일</Filter>
    </ClInclude>
    <ClInclude Include="include\Tree\Heap.h">
      <Filter>헤더 파일</Filter>
    </ClInclude>
  </ItemGroup>
</Project>